
Microsoft Visual Studio Solution File, Format Version 12.00
# Visual Studio Version 16
VisualStudioVersion = 16.0.30804.86
MinimumVisualStudioVersion = 10.0.40219.1
Project("{9A19103F-16F7-4668-BE54-9A1E7A4F7556}") = "Aircompany", "Aircompany\Aircompany.csproj", "{8988F677-9D67-46DD-9600-14C7000A9778}"
EndProject
Project("{FAE04EC0-301F-11D3-BF4B-00C04F79EFBC}") = "AircompanyTest", "AircompanyTest\AircompanyTest.csproj", "{0B7788F7-4836-467B-ACE0-A4CE5123836E}"
EndProject
Global
	GlobalSection(SolutionConfigurationPlatforms) = preSolution
		Debug|Any CPU = Debug|Any CPU
		Release|Any CPU = Release|Any CPU
	EndGlobalSection
	GlobalSection(ProjectConfigurationPlatforms) = postSolution
		{8988F677-9D67-46DD-9600-14C7000A9778}.Debug|Any CPU.ActiveCfg = Debug|Any CPU
		{8988F677-9D67-46DD-9600-14C7000A9778}.Debug|Any CPU.Build.0 = Debug|Any CPU
		{8988F677-9D67-46DD-9600-14C7000A9778}.Release|Any CPU.ActiveCfg = Release|Any CPU
		{8988F677-9D67-46DD-9600-14C7000A9778}.Release|Any CPU.Build.0 = Release|Any CPU
		{0B7788F7-4836-467B-ACE0-A4CE5123836E}.Debug|Any CPU.ActiveCfg = Debug|Any CPU
		{0B7788F7-4836-467B-ACE0-A4CE5123836E}.Debug|Any CPU.Build.0 = Debug|Any CPU
		{0B7788F7-4836-467B-ACE0-A4CE5123836E}.Release|Any CPU.ActiveCfg = Release|Any CPU
		{0B7788F7-4836-467B-ACE0-A4CE5123836E}.Release|Any CPU.Build.0 = Release|Any CPU
	EndGlobalSection
	GlobalSection(SolutionProperties) = preSolution
		HideSolutionNode = FALSE
	EndGlobalSection
	GlobalSection(ExtensibilityGlobals) = postSolution
		SolutionGuid = {D09F93FF-B72B-49F7-9E56-D78E892FAC62}
	EndGlobalSection
EndGlobal
